
Microsoft Visual Studio Solution File, Format Version 12.00
# Visual Studio Version 17
VisualStudioVersion = 17.10.35013.160
MinimumVisualStudioVersion = 10.0.40219.1
Project("{FAE04EC0-301F-11D3-BF4B-00C04F79EFBC}") = "Crud_api", "Crud_api.csproj", "{AD1CDBFD-2343-4DF4-94B7-395E1B3343BA}"
EndProject
Global
	GlobalSection(SolutionConfigurationPlatforms) = preSolution
		Debug|Any CPU = Debug|Any CPU
		Release|Any CPU = Release|Any CPU
	EndGlobalSection
	GlobalSection(ProjectConfigurationPlatforms) = postSolution
		{AD1CDBFD-2343-4DF4-94B7-395E1B3343BA}.Debug|Any CPU.ActiveCfg = Debug|Any CPU
		{AD1CDBFD-2343-4DF4-94B7-395E1B3343BA}.Debug|Any CPU.Build.0 = Debug|Any CPU
		{AD1CDBFD-2343-4DF4-94B7-395E1B3343BA}.Release|Any CPU.ActiveCfg = Release|Any CPU
		{AD1CDBFD-2343-4DF4-94B7-395E1B3343BA}.Release|Any CPU.Build.0 = Release|Any CPU
	EndGlobalSection
	GlobalSection(SolutionProperties) = preSolution
		HideSolutionNode = FALSE
	EndGlobalSection
	GlobalSection(ExtensibilityGlobals) = postSolution
		SolutionGuid = {F95444B5-ACFC-48D9-9D38-2BC5312F3A68}
	EndGlobalSection
EndGlobal
